
Microsoft Visual Studio Solution File, Format Version 12.00
# Visual Studio 14
VisualStudioVersion = 14.0.25123.0
MinimumVisualStudioVersion = 10.0.40219.1
Project("{FAE04EC0-301F-11D3-BF4B-00C04F79EFBC}") = "TestViewer", "TestViewer\TestViewer.csproj", "{F4C02252-C208-49BB-9EAC-F21B4823D381}"
EndProject
Project("{FAE04EC0-301F-11D3-BF4B-00C04F79EFBC}") = "Data binding2", "Data binding2\Data binding2.csproj", "{ABAD33EA-0F95-44A4-8181-6D2D9B4DDF8A}"
EndProject
Project("{FAE04EC0-301F-11D3-BF4B-00C04F79EFBC}") = "UserControl", "UserControl\UserControl.csproj", "{DA4231E4-90F4-4994-8E4D-2DAF39AE6930}"
EndProject
Project("{FAE04EC0-301F-11D3-BF4B-00C04F79EFBC}") = "Style", "Style\Style.csproj", "{A6437EBA-0D02-4554-8827-FFA1CE405CBA}"
EndProject
Global
	GlobalSection(SolutionConfigurationPlatforms) = preSolution
		Debug|Any CPU = Debug|Any CPU
		Release|Any CPU = Release|Any CPU
	EndGlobalSection
	GlobalSection(ProjectConfigurationPlatforms) = postSolution
		{F4C02252-C208-49BB-9EAC-F21B4823D381}.Debug|Any CPU.ActiveCfg = Debug|Any CPU
		{F4C02252-C208-49BB-9EAC-F21B4823D381}.Debug|Any CPU.Build.0 = Debug|Any CPU
		{F4C02252-C208-49BB-9EAC-F21B4823D381}.Release|Any CPU.ActiveCfg = Release|Any CPU
		{F4C02252-C208-49BB-9EAC-F21B4823D381}.Release|Any CPU.Build.0 = Release|Any CPU
		{ABAD33EA-0F95-44A4-8181-6D2D9B4DDF8A}.Debug|Any CPU.ActiveCfg = Debug|Any CPU
		{ABAD33EA-0F95-44A4-8181-6D2D9B4DDF8A}.Debug|Any CPU.Build.0 = Debug|Any CPU
		{ABAD33EA-0F95-44A4-8181-6D2D9B4DDF8A}.Release|Any CPU.ActiveCfg = Release|Any CPU
		{ABAD33EA-0F95-44A4-8181-6D2D9B4DDF8A}.Release|Any CPU.Build.0 = Release|Any CPU
		{DA4231E4-90F4-4994-8E4D-2DAF39AE6930}.Debug|Any CPU.ActiveCfg = Debug|Any CPU
		{DA4231E4-90F4-4994-8E4D-2DAF39AE6930}.Debug|Any CPU.Build.0 = Debug|Any CPU
		{DA4231E4-90F4-4994-8E4D-2DAF39AE6930}.Release|Any CPU.ActiveCfg = Release|Any CPU
		{DA4231E4-90F4-4994-8E4D-2DAF39AE6930}.Release|Any CPU.Build.0 = Release|Any CPU
		{A6437EBA-0D02-4554-8827-FFA1CE405CBA}.Debug|Any CPU.ActiveCfg = Debug|Any CPU
		{A6437EBA-0D02-4554-8827-FFA1CE405CBA}.Debug|Any CPU.Build.0 = Debug|Any CPU
		{A6437EBA-0D02-4554-8827-FFA1CE405CBA}.Release|Any CPU.ActiveCfg = Release|Any CPU
		{A6437EBA-0D02-4554-8827-FFA1CE405CBA}.Release|Any CPU.Build.0 = Release|Any CPU
	EndGlobalSection
	GlobalSection(SolutionProperties) = preSolution
		HideSolutionNode = FALSE
	EndGlobalSection
EndGlobal
