
Microsoft Visual Studio Solution File, Format Version 12.00
# Visual Studio 14
VisualStudioVersion = 14.0.25123.0
MinimumVisualStudioVersion = 10.0.40219.1
Project("{FAE04EC0-301F-11D3-BF4B-00C04F79EFBC}") = "TestViewer", "TestViewer\TestViewer.csproj", "{F4C02252-C208-49BB-9EAC-F21B4823D381}"
EndProject
Project("{FAE04EC0-301F-11D3-BF4B-00C04F79EFBC}") = "Data binding2", "Data binding2\Data binding2.csproj", "{ABAD33EA-0F95-44A4-8181-6D2D9B4DDF8A}"
EndProject
Project("{FAE04EC0-301F-11D3-BF4B-00C04F79EFBC}") = "Style", "Style\Style.csproj", "{A6437EBA-0D02-4554-8827-FFA1CE405CBA}"
EndProject
Project("{FAE04EC0-301F-11D3-BF4B-00C04F79EFBC}") = "DataBinding", "DataBinding\DataBinding.csproj", "{FF403789-E837-44C6-B948-69D5AEA48DC4}"
EndProject
Project("{FAE04EC0-301F-11D3-BF4B-00C04F79EFBC}") = "DynamicResource", "DynamicResource\DynamicResource.csproj", "{1F50D8E3-69E2-4259-9B9E-1BC61C75C2B3}"
EndProject
Project("{FAE04EC0-301F-11D3-BF4B-00C04F79EFBC}") = "UserControlTest", "UserControlTest\UserControlTest.csproj", "{DC74ACA8-ED63-4AB5-BEF8-E6156B4D9F97}"
EndProject
Project("{FAE04EC0-301F-11D3-BF4B-00C04F79EFBC}") = "data template", "data template\data template.csproj", "{CAED250E-E61A-42FD-A231-26C9C3F2A5CD}"
EndProject
Project("{FAE04EC0-301F-11D3-BF4B-00C04F79EFBC}") = "Control Template", "Control Template\Control Template.csproj", "{3A6BBFDF-8480-470F-9788-38706A64C025}"
EndProject
Project("{FAE04EC0-301F-11D3-BF4B-00C04F79EFBC}") = "ResourceDictionary", "ResourceDictionary\ResourceDictionary.csproj", "{80853A3F-B976-4554-A61D-1E3F28AE5B23}"
EndProject
Project("{FAE04EC0-301F-11D3-BF4B-00C04F79EFBC}") = "Value converter", "Value converter\Value converter.csproj", "{9BA4FBE8-5495-4556-A204-5C57E19D5A67}"
EndProject
Project("{FAE04EC0-301F-11D3-BF4B-00C04F79EFBC}") = "Trigger", "Trigger\Trigger.csproj", "{0761128A-FF6A-45D8-A915-6067412E2C50}"
EndProject
Global
	GlobalSection(SolutionConfigurationPlatforms) = preSolution
		Debug|Any CPU = Debug|Any CPU
		Release|Any CPU = Release|Any CPU
	EndGlobalSection
	GlobalSection(ProjectConfigurationPlatforms) = postSolution
		{F4C02252-C208-49BB-9EAC-F21B4823D381}.Debug|Any CPU.ActiveCfg = Debug|Any CPU
		{F4C02252-C208-49BB-9EAC-F21B4823D381}.Debug|Any CPU.Build.0 = Debug|Any CPU
		{F4C02252-C208-49BB-9EAC-F21B4823D381}.Release|Any CPU.ActiveCfg = Release|Any CPU
		{F4C02252-C208-49BB-9EAC-F21B4823D381}.Release|Any CPU.Build.0 = Release|Any CPU
		{ABAD33EA-0F95-44A4-8181-6D2D9B4DDF8A}.Debug|Any CPU.ActiveCfg = Debug|Any CPU
		{ABAD33EA-0F95-44A4-8181-6D2D9B4DDF8A}.Debug|Any CPU.Build.0 = Debug|Any CPU
		{ABAD33EA-0F95-44A4-8181-6D2D9B4DDF8A}.Release|Any CPU.ActiveCfg = Release|Any CPU
		{ABAD33EA-0F95-44A4-8181-6D2D9B4DDF8A}.Release|Any CPU.Build.0 = Release|Any CPU
		{A6437EBA-0D02-4554-8827-FFA1CE405CBA}.Debug|Any CPU.ActiveCfg = Debug|Any CPU
		{A6437EBA-0D02-4554-8827-FFA1CE405CBA}.Debug|Any CPU.Build.0 = Debug|Any CPU
		{A6437EBA-0D02-4554-8827-FFA1CE405CBA}.Release|Any CPU.ActiveCfg = Release|Any CPU
		{A6437EBA-0D02-4554-8827-FFA1CE405CBA}.Release|Any CPU.Build.0 = Release|Any CPU
		{FF403789-E837-44C6-B948-69D5AEA48DC4}.Debug|Any CPU.ActiveCfg = Debug|Any CPU
		{FF403789-E837-44C6-B948-69D5AEA48DC4}.Debug|Any CPU.Build.0 = Debug|Any CPU
		{FF403789-E837-44C6-B948-69D5AEA48DC4}.Release|Any CPU.ActiveCfg = Release|Any CPU
		{FF403789-E837-44C6-B948-69D5AEA48DC4}.Release|Any CPU.Build.0 = Release|Any CPU
		{1F50D8E3-69E2-4259-9B9E-1BC61C75C2B3}.Debug|Any CPU.ActiveCfg = Debug|Any CPU
		{1F50D8E3-69E2-4259-9B9E-1BC61C75C2B3}.Debug|Any CPU.Build.0 = Debug|Any CPU
		{1F50D8E3-69E2-4259-9B9E-1BC61C75C2B3}.Release|Any CPU.ActiveCfg = Release|Any CPU
		{1F50D8E3-69E2-4259-9B9E-1BC61C75C2B3}.Release|Any CPU.Build.0 = Release|Any CPU
		{DC74ACA8-ED63-4AB5-BEF8-E6156B4D9F97}.Debug|Any CPU.ActiveCfg = Debug|Any CPU
		{DC74ACA8-ED63-4AB5-BEF8-E6156B4D9F97}.Debug|Any CPU.Build.0 = Debug|Any CPU
		{DC74ACA8-ED63-4AB5-BEF8-E6156B4D9F97}.Release|Any CPU.ActiveCfg = Release|Any CPU
		{DC74ACA8-ED63-4AB5-BEF8-E6156B4D9F97}.Release|Any CPU.Build.0 = Release|Any CPU
		{CAED250E-E61A-42FD-A231-26C9C3F2A5CD}.Debug|Any CPU.ActiveCfg = Debug|Any CPU
		{CAED250E-E61A-42FD-A231-26C9C3F2A5CD}.Debug|Any CPU.Build.0 = Debug|Any CPU
		{CAED250E-E61A-42FD-A231-26C9C3F2A5CD}.Release|Any CPU.ActiveCfg = Release|Any CPU
		{CAED250E-E61A-42FD-A231-26C9C3F2A5CD}.Release|Any CPU.Build.0 = Release|Any CPU
		{3A6BBFDF-8480-470F-9788-38706A64C025}.Debug|Any CPU.ActiveCfg = Debug|Any CPU
		{3A6BBFDF-8480-470F-9788-38706A64C025}.Debug|Any CPU.Build.0 = Debug|Any CPU
		{3A6BBFDF-8480-470F-9788-38706A64C025}.Release|Any CPU.ActiveCfg = Release|Any CPU
		{3A6BBFDF-8480-470F-9788-38706A64C025}.Release|Any CPU.Build.0 = Release|Any CPU
		{80853A3F-B976-4554-A61D-1E3F28AE5B23}.Debug|Any CPU.ActiveCfg = Debug|Any CPU
		{80853A3F-B976-4554-A61D-1E3F28AE5B23}.Debug|Any CPU.Build.0 = Debug|Any CPU
		{80853A3F-B976-4554-A61D-1E3F28AE5B23}.Release|Any CPU.ActiveCfg = Release|Any CPU
		{80853A3F-B976-4554-A61D-1E3F28AE5B23}.Release|Any CPU.Build.0 = Release|Any CPU
		{9BA4FBE8-5495-4556-A204-5C57E19D5A67}.Debug|Any CPU.ActiveCfg = Debug|Any CPU
		{9BA4FBE8-5495-4556-A204-5C57E19D5A67}.Debug|Any CPU.Build.0 = Debug|Any CPU
		{9BA4FBE8-5495-4556-A204-5C57E19D5A67}.Release|Any CPU.ActiveCfg = Release|Any CPU
		{9BA4FBE8-5495-4556-A204-5C57E19D5A67}.Release|Any CPU.Build.0 = Release|Any CPU
		{0761128A-FF6A-45D8-A915-6067412E2C50}.Debug|Any CPU.ActiveCfg = Debug|Any CPU
		{0761128A-FF6A-45D8-A915-6067412E2C50}.Debug|Any CPU.Build.0 = Debug|Any CPU
		{0761128A-FF6A-45D8-A915-6067412E2C50}.Release|Any CPU.ActiveCfg = Release|Any CPU
		{0761128A-FF6A-45D8-A915-6067412E2C50}.Release|Any CPU.Build.0 = Release|Any CPU
	EndGlobalSection
	GlobalSection(SolutionProperties) = preSolution
		HideSolutionNode = FALSE
	EndGlobalSection
EndGlobal
